
Microsoft Visual Studio Solution File, Format Version 12.00
# Visual Studio Version 17
VisualStudioVersion = 17.6.33815.320
MinimumVisualStudioVersion = 10.0.40219.1
Project("{FAE04EC0-301F-11D3-BF4B-00C04F79EFBC}") = "PowerBiEmbeddedScratchpad", "PowerBiEmbeddedScratchpad\PowerBiEmbeddedScratchpad.csproj", "{227B47A8-FDF7-4CB8-9B24-86B832CEB08C}"
EndProject
Global
	GlobalSection(SolutionConfigurationPlatforms) = preSolution
		Debug|Any CPU = Debug|Any CPU
		Release|Any CPU = Release|Any CPU
	EndGlobalSection
	GlobalSection(ProjectConfigurationPlatforms) = postSolution
		{227B47A8-FDF7-4CB8-9B24-86B832CEB08C}.Debug|Any CPU.ActiveCfg = Debug|Any CPU
		{227B47A8-FDF7-4CB8-9B24-86B832CEB08C}.Debug|Any CPU.Build.0 = Debug|Any CPU
		{227B47A8-FDF7-4CB8-9B24-86B832CEB08C}.Release|Any CPU.ActiveCfg = Release|Any CPU
		{227B47A8-FDF7-4CB8-9B24-86B832CEB08C}.Release|Any CPU.Build.0 = Release|Any CPU
	EndGlobalSection
	GlobalSection(SolutionProperties) = preSolution
		HideSolutionNode = FALSE
	EndGlobalSection
	GlobalSection(ExtensibilityGlobals) = postSolution
		SolutionGuid = {C5EFF33D-F398-4216-9DF1-27505A667E81}
	EndGlobalSection
EndGlobal
